
Microsoft Visual Studio Solution File, Format Version 12.00
# Visual Studio Version 16
VisualStudioVersion = 16.0.31702.278
MinimumVisualStudioVersion = 10.0.40219.1
Project("{FAE04EC0-301F-11D3-BF4B-00C04F79EFBC}") = "CursoNETCompleto", "CursoNETCompleto\CursoNETCompleto.csproj", "{09617AF8-D0C6-4483-87C8-C52303C28BFF}"
EndProject
Global
	GlobalSection(SolutionConfigurationPlatforms) = preSolution
		Debug|Any CPU = Debug|Any CPU
		Release|Any CPU = Release|Any CPU
	EndGlobalSection
	GlobalSection(ProjectConfigurationPlatforms) = postSolution
		{09617AF8-D0C6-4483-87C8-C52303C28BFF}.Debug|Any CPU.ActiveCfg = Debug|Any CPU
		{09617AF8-D0C6-4483-87C8-C52303C28BFF}.Debug|Any CPU.Build.0 = Debug|Any CPU
		{09617AF8-D0C6-4483-87C8-C52303C28BFF}.Release|Any CPU.ActiveCfg = Release|Any CPU
		{09617AF8-D0C6-4483-87C8-C52303C28BFF}.Release|Any CPU.Build.0 = Release|Any CPU
	EndGlobalSection
	GlobalSection(SolutionProperties) = preSolution
		HideSolutionNode = FALSE
	EndGlobalSection
	GlobalSection(ExtensibilityGlobals) = postSolution
		SolutionGuid = {B1633A8A-FA20-45C1-843D-07776675E9CA}
	EndGlobalSection
EndGlobal
